
Microsoft Visual Studio Solution File, Format Version 12.00
# Visual Studio Version 17
VisualStudioVersion = 17.1.32210.238
MinimumVisualStudioVersion = 10.0.40219.1
Project("{FAE04EC0-301F-11D3-BF4B-00C04F79EFBC}") = "VPaHMI-lab2", "VPaHMI-lab2\VPaHMI-lab2.csproj", "{04350EAE-6891-4FA6-AEA3-05690657D2F3}"
EndProject
Global
	GlobalSection(SolutionConfigurationPlatforms) = preSolution
		Debug|Any CPU = Debug|Any CPU
		Release|Any CPU = Release|Any CPU
	EndGlobalSection
	GlobalSection(ProjectConfigurationPlatforms) = postSolution
		{04350EAE-6891-4FA6-AEA3-05690657D2F3}.Debug|Any CPU.ActiveCfg = Debug|Any CPU
		{04350EAE-6891-4FA6-AEA3-05690657D2F3}.Debug|Any CPU.Build.0 = Debug|Any CPU
		{04350EAE-6891-4FA6-AEA3-05690657D2F3}.Release|Any CPU.ActiveCfg = Release|Any CPU
		{04350EAE-6891-4FA6-AEA3-05690657D2F3}.Release|Any CPU.Build.0 = Release|Any CPU
	EndGlobalSection
	GlobalSection(SolutionProperties) = preSolution
		HideSolutionNode = FALSE
	EndGlobalSection
	GlobalSection(ExtensibilityGlobals) = postSolution
		SolutionGuid = {BD71D35A-3E87-4144-B1CD-CB9A1211B854}
	EndGlobalSection
EndGlobal
